
Microsoft Visual Studio Solution File, Format Version 12.00
# Visual Studio Version 17
VisualStudioVersion = 17.12.35707.178 d17.12
MinimumVisualStudioVersion = 10.0.40219.1
Project("{FAE04EC0-301F-11D3-BF4B-00C04F79EFBC}") = "JwtAuthApp", "JwtAuthApp\JwtAuthApp.csproj", "{2D0DE039-2EFD-4F96-9E40-04951755FE02}"
EndProject
Project("{FAE04EC0-301F-11D3-BF4B-00C04F79EFBC}") = "JwtAuthApp.Core", "JwtAuthApp.Core\JwtAuthApp.Core.csproj", "{14571943-0600-427B-8764-3121528F06EF}"
EndProject
Project("{FAE04EC0-301F-11D3-BF4B-00C04F79EFBC}") = "JwtAuthApp.Infra", "JwtAuthApp.Infra\JwtAuthApp.Infra.csproj", "{4FBAFB02-C17A-4871-9C80-577713D772F6}"
EndProject
Global
	GlobalSection(SolutionConfigurationPlatforms) = preSolution
		Debug|Any CPU = Debug|Any CPU
		Release|Any CPU = Release|Any CPU
	EndGlobalSection
	GlobalSection(ProjectConfigurationPlatforms) = postSolution
		{2D0DE039-2EFD-4F96-9E40-04951755FE02}.Debug|Any CPU.ActiveCfg = Debug|Any CPU
		{2D0DE039-2EFD-4F96-9E40-04951755FE02}.Debug|Any CPU.Build.0 = Debug|Any CPU
		{2D0DE039-2EFD-4F96-9E40-04951755FE02}.Release|Any CPU.ActiveCfg = Release|Any CPU
		{2D0DE039-2EFD-4F96-9E40-04951755FE02}.Release|Any CPU.Build.0 = Release|Any CPU
		{14571943-0600-427B-8764-3121528F06EF}.Debug|Any CPU.ActiveCfg = Debug|Any CPU
		{14571943-0600-427B-8764-3121528F06EF}.Debug|Any CPU.Build.0 = Debug|Any CPU
		{14571943-0600-427B-8764-3121528F06EF}.Release|Any CPU.ActiveCfg = Release|Any CPU
		{14571943-0600-427B-8764-3121528F06EF}.Release|Any CPU.Build.0 = Release|Any CPU
		{4FBAFB02-C17A-4871-9C80-577713D772F6}.Debug|Any CPU.ActiveCfg = Debug|Any CPU
		{4FBAFB02-C17A-4871-9C80-577713D772F6}.Debug|Any CPU.Build.0 = Debug|Any CPU
		{4FBAFB02-C17A-4871-9C80-577713D772F6}.Release|Any CPU.ActiveCfg = Release|Any CPU
		{4FBAFB02-C17A-4871-9C80-577713D772F6}.Release|Any CPU.Build.0 = Release|Any CPU
	EndGlobalSection
	GlobalSection(SolutionProperties) = preSolution
		HideSolutionNode = FALSE
	EndGlobalSection
EndGlobal
